
Microsoft Visual Studio Solution File, Format Version 12.00
# Visual Studio 14
VisualStudioVersion = 14.0.25420.1
MinimumVisualStudioVersion = 10.0.40219.1
Project("{FAE04EC0-301F-11D3-BF4B-00C04F79EFBC}") = "HelloWorld", "HelloWorld\HelloWorld.csproj", "{920D20EA-E303-4DCC-AD8B-41263CD8749E}"
EndProject
Project("{FAE04EC0-301F-11D3-BF4B-00C04F79EFBC}") = "HelloWorldTest", "HelloWorldTest\HelloWorldTest.csproj", "{DB34DBD1-DA33-4387-936D-84CF49E64134}"
EndProject
Global
	GlobalSection(SolutionConfigurationPlatforms) = preSolution
		Debug|Any CPU = Debug|Any CPU
		Debug|x64 = Debug|x64
		Release|Any CPU = Release|Any CPU
		Release|x64 = Release|x64
	EndGlobalSection
	GlobalSection(ProjectConfigurationPlatforms) = postSolution
		{920D20EA-E303-4DCC-AD8B-41263CD8749E}.Debug|Any CPU.ActiveCfg = Debug|Any CPU
		{920D20EA-E303-4DCC-AD8B-41263CD8749E}.Debug|Any CPU.Build.0 = Debug|Any CPU
		{920D20EA-E303-4DCC-AD8B-41263CD8749E}.Debug|x64.ActiveCfg = Debug|x64
		{920D20EA-E303-4DCC-AD8B-41263CD8749E}.Debug|x64.Build.0 = Debug|x64
		{920D20EA-E303-4DCC-AD8B-41263CD8749E}.Release|Any CPU.ActiveCfg = Release|Any CPU
		{920D20EA-E303-4DCC-AD8B-41263CD8749E}.Release|Any CPU.Build.0 = Release|Any CPU
		{920D20EA-E303-4DCC-AD8B-41263CD8749E}.Release|x64.ActiveCfg = Release|x64
		{920D20EA-E303-4DCC-AD8B-41263CD8749E}.Release|x64.Build.0 = Release|x64
		{DB34DBD1-DA33-4387-936D-84CF49E64134}.Debug|Any CPU.ActiveCfg = Debug|Any CPU
		{DB34DBD1-DA33-4387-936D-84CF49E64134}.Debug|Any CPU.Build.0 = Debug|Any CPU
		{DB34DBD1-DA33-4387-936D-84CF49E64134}.Debug|x64.ActiveCfg = Debug|x64
		{DB34DBD1-DA33-4387-936D-84CF49E64134}.Debug|x64.Build.0 = Debug|x64
		{DB34DBD1-DA33-4387-936D-84CF49E64134}.Release|Any CPU.ActiveCfg = Release|Any CPU
		{DB34DBD1-DA33-4387-936D-84CF49E64134}.Release|Any CPU.Build.0 = Release|Any CPU
		{DB34DBD1-DA33-4387-936D-84CF49E64134}.Release|x64.ActiveCfg = Release|x64
		{DB34DBD1-DA33-4387-936D-84CF49E64134}.Release|x64.Build.0 = Release|x64
	EndGlobalSection
	GlobalSection(SolutionProperties) = preSolution
		HideSolutionNode = FALSE
	EndGlobalSection
EndGlobal
